
Microsoft Visual Studio Solution File, Format Version 12.00
# Visual Studio Version 17
VisualStudioVersion = 17.9.34622.214
MinimumVisualStudioVersion = 10.0.40219.1
Project("{FAE04EC0-301F-11D3-BF4B-00C04F79EFBC}") = "Abbigliamento_Task", "Abbigliamento_Task\Abbigliamento_Task.csproj", "{A18A6F48-0014-4B14-9461-FC06B8D43C55}"
EndProject
Global
	GlobalSection(SolutionConfigurationPlatforms) = preSolution
		Debug|Any CPU = Debug|Any CPU
		Release|Any CPU = Release|Any CPU
	EndGlobalSection
	GlobalSection(ProjectConfigurationPlatforms) = postSolution
		{A18A6F48-0014-4B14-9461-FC06B8D43C55}.Debug|Any CPU.ActiveCfg = Debug|Any CPU
		{A18A6F48-0014-4B14-9461-FC06B8D43C55}.Debug|Any CPU.Build.0 = Debug|Any CPU
		{A18A6F48-0014-4B14-9461-FC06B8D43C55}.Release|Any CPU.ActiveCfg = Release|Any CPU
		{A18A6F48-0014-4B14-9461-FC06B8D43C55}.Release|Any CPU.Build.0 = Release|Any CPU
	EndGlobalSection
	GlobalSection(SolutionProperties) = preSolution
		HideSolutionNode = FALSE
	EndGlobalSection
	GlobalSection(ExtensibilityGlobals) = postSolution
		SolutionGuid = {997C2B44-65E5-4BDD-873D-1B6CEB2E6712}
	EndGlobalSection
EndGlobal
